// !$*UTF8*$!
{
	archiveVersion = 1;
	classes = {
	};
	objectVersion = 46;
	objects = {

/* Begin PBXBuildFile section */
		2D275BAB1D9A6827009CB401 /* JMActivityController.m in Sources */ = {isa = PBXBuildFile; fileRef = 2D275BAA1D9A6827009CB401 /* JMActivityController.m */; };
		2D275BAE1D9A682F009CB401 /* JMAttentionVController.m in Sources */ = {isa = PBXBuildFile; fileRef = 2D275BAD1D9A682F009CB401 /* JMAttentionVController.m */; };
		2D275BB11D9A6838009CB401 /* JMChoicenessController.m in Sources */ = {isa = PBXBuildFile; fileRef = 2D275BB01D9A6838009CB401 /* JMChoicenessController.m */; };
		2D275BB41D9A683E009CB401 /* JMExpertController.m in Sources */ = {isa = PBXBuildFile; fileRef = 2D275BB31D9A683E009CB401 /* JMExpertController.m */; };
		2D275BB71D9A68B6009CB401 /* JMChoicenessCLView.m in Sources */ = {isa = PBXBuildFile; fileRef = 2D275BB61D9A68B6009CB401 /* JMChoicenessCLView.m */; };
		2D275BBA1D9A6C32009CB401 /* JMChoicenessScrollViewCell.m in Sources */ = {isa = PBXBuildFile; fileRef = 2D275BB91D9A6C32009CB401 /* JMChoicenessScrollViewCell.m */; };
		2D5EA3FE1D84070B00C35029 /* AFAppDotNetAPIClient.m in Sources */ = {isa = PBXBuildFile; fileRef = 2D5EA3FD1D84070B00C35029 /* AFAppDotNetAPIClient.m */; };
		2D5EA4011D84072000C35029 /* NSDictionary+RequestEncoding.m in Sources */ = {isa = PBXBuildFile; fileRef = 2D5EA4001D84072000C35029 /* NSDictionary+RequestEncoding.m */; };
		2DB0798D1D9BA70100403E18 /* SGKManager.m in Sources */ = {isa = PBXBuildFile; fileRef = 2DB0798C1D9BA70100403E18 /* SGKManager.m */; };
		2DB079901D9BB6FD00403E18 /* BaseModel.m in Sources */ = {isa = PBXBuildFile; fileRef = 2DB0798F1D9BB6FD00403E18 /* BaseModel.m */; };
		2DB079931D9BB70700403E18 /* StatusModel.m in Sources */ = {isa = PBXBuildFile; fileRef = 2DB079921D9BB70700403E18 /* StatusModel.m */; };
		2DB079961D9BB73400403E18 /* StatusRecordListModel.m in Sources */ = {isa = PBXBuildFile; fileRef = 2DB079951D9BB73400403E18 /* StatusRecordListModel.m */; };
		2DE88B2E1D8FD7860027674D /* WebKit.framework in Frameworks */ = {isa = PBXBuildFile; fileRef = 2DE88B2D1D8FD7860027674D /* WebKit.framework */; };
		2DE88B321D8FE0E60027674D /* AppDelegate.m in Sources */ = {isa = PBXBuildFile; fileRef = 2DE88B311D8FE0E60027674D /* AppDelegate.m */; };
		2DE88B381D8FE2150027674D /* AppDelegate+RootController.m in Sources */ = {isa = PBXBuildFile; fileRef = 2DE88B371D8FE2150027674D /* AppDelegate+RootController.m */; };
		2DE88B3B1D8FE2380027674D /* AppDelegate+AppLifeCircle.m in Sources */ = {isa = PBXBuildFile; fileRef = 2DE88B3A1D8FE2380027674D /* AppDelegate+AppLifeCircle.m */; };
		2DE88B3E1D8FE24E0027674D /* AppDelegate+AppService.m in Sources */ = {isa = PBXBuildFile; fileRef = 2DE88B3D1D8FE24E0027674D /* AppDelegate+AppService.m */; };
		2DE88B411D8FE6AD0027674D /* JMAdViewController.m in Sources */ = {isa = PBXBuildFile; fileRef = 2DE88B401D8FE6AD0027674D /* JMAdViewController.m */; };
		76151AD01D90319B0097C6DE /* JMTabBarController.m in Sources */ = {isa = PBXBuildFile; fileRef = 76151ACF1D90319B0097C6DE /* JMTabBarController.m */; };
		76151AD31D9033950097C6DE /* JMHomeViewController.m in Sources */ = {isa = PBXBuildFile; fileRef = 76151AD21D9033950097C6DE /* JMHomeViewController.m */; };
		76151AD61D9033B10097C6DE /* JMTutoriaViewController.m in Sources */ = {isa = PBXBuildFile; fileRef = 76151AD51D9033B10097C6DE /* JMTutoriaViewController.m */; };
		76151AD91D9033C00097C6DE /* JMHandViewController.m in Sources */ = {isa = PBXBuildFile; fileRef = 76151AD81D9033C00097C6DE /* JMHandViewController.m */; };
		76151ADF1D9033F60097C6DE /* JMFairViewController.m in Sources */ = {isa = PBXBuildFile; fileRef = 76151ADE1D9033F60097C6DE /* JMFairViewController.m */; };
		76151AE21D9034080097C6DE /* JMMyViewController.m in Sources */ = {isa = PBXBuildFile; fileRef = 76151AE11D9034080097C6DE /* JMMyViewController.m */; };
		7615AAA81D82E8C500A2634F /* BaseViewController.m in Sources */ = {isa = PBXBuildFile; fileRef = 7615AAA21D82E8C500A2634F /* BaseViewController.m */; };
		7615AAB31D82E95100A2634F /* Assets.xcassets in Resources */ = {isa = PBXBuildFile; fileRef = 7615AAAC1D82E95100A2634F /* Assets.xcassets */; };
		7615AAB41D82E95100A2634F /* LaunchScreen.storyboard in Resources */ = {isa = PBXBuildFile; fileRef = 7615AAAE1D82E95100A2634F /* LaunchScreen.storyboard */; };
		7615AAC21D82F06F00A2634F /* Info.plist in Resources */ = {isa = PBXBuildFile; fileRef = 7615AAC01D82F06F00A2634F /* Info.plist */; };
		7615AAC31D82F06F00A2634F /* main.m in Sources */ = {isa = PBXBuildFile; fileRef = 7615AAC11D82F06F00A2634F /* main.m */; };
		7615AAC61D82F57F00A2634F /* UIButton+Block.m in Sources */ = {isa = PBXBuildFile; fileRef = 7615AAC51D82F57F00A2634F /* UIButton+Block.m */; };
		7615AACB1D82F59300A2634F /* NSString+Regex.m in Sources */ = {isa = PBXBuildFile; fileRef = 7615AAC81D82F59300A2634F /* NSString+Regex.m */; };
		7615AACC1D82F59300A2634F /* NSString+String.m in Sources */ = {isa = PBXBuildFile; fileRef = 7615AACA1D82F59300A2634F /* NSString+String.m */; };
		7615AACF1D82F5DF00A2634F /* UIViewExt.m in Sources */ = {isa = PBXBuildFile; fileRef = 7615AACE1D82F5DF00A2634F /* UIViewExt.m */; };
		7615AAD51D82F75A00A2634F /* UIColor+Extension.m in Sources */ = {isa = PBXBuildFile; fileRef = 7615AAD41D82F75A00A2634F /* UIColor+Extension.m */; };
		7615AAD81D82F7CB00A2634F /* UIImage+ImageWithColor.m in Sources */ = {isa = PBXBuildFile; fileRef = 7615AAD71D82F7CB00A2634F /* UIImage+ImageWithColor.m */; };
		7615AADB1D82F83300A2634F /* UIView+BlockGesture.m in Sources */ = {isa = PBXBuildFile; fileRef = 7615AADA1D82F83300A2634F /* UIView+BlockGesture.m */; };
		7615AADE1D82F86300A2634F /* UIView+ViewController.m in Sources */ = {isa = PBXBuildFile; fileRef = 7615AADD1D82F86300A2634F /* UIView+ViewController.m */; };
		7615AAE11D82F89200A2634F /* UIViewController+Dealloc.m in Sources */ = {isa = PBXBuildFile; fileRef = 7615AAE01D82F89200A2634F /* UIViewController+Dealloc.m */; };
		7615AAE41D82F8BB00A2634F /* WKWebView+SynchronousEvaluateJavaScript.m in Sources */ = {isa = PBXBuildFile; fileRef = 7615AAE31D82F8BB00A2634F /* WKWebView+SynchronousEvaluateJavaScript.m */; };
		7615AAE81D82FAF400A2634F /* BaseManager.m in Sources */ = {isa = PBXBuildFile; fileRef = 7615AAE71D82FAF400A2634F /* BaseManager.m */; };
		761C69BA1D92DB92009DD827 /* UIView+Frame.m in Sources */ = {isa = PBXBuildFile; fileRef = 761C69B21D92DB92009DD827 /* UIView+Frame.m */; };
		761C69BB1D92DB92009DD827 /* YZDisplayTitleLabel.m in Sources */ = {isa = PBXBuildFile; fileRef = 761C69B41D92DB92009DD827 /* YZDisplayTitleLabel.m */; };
		761C69BC1D92DB92009DD827 /* YZDisplayViewController.m in Sources */ = {isa = PBXBuildFile; fileRef = 761C69B61D92DB92009DD827 /* YZDisplayViewController.m */; };
		761C69BD1D92DB92009DD827 /* YZFlowLayout.m in Sources */ = {isa = PBXBuildFile; fileRef = 761C69B91D92DB92009DD827 /* YZFlowLayout.m */; };
		7678F2831D9ABC64004F8B21 /* JMChoicenessSelectCell.m in Sources */ = {isa = PBXBuildFile; fileRef = 7678F2821D9ABC64004F8B21 /* JMChoicenessSelectCell.m */; };
		7678F2861D9ABCF2004F8B21 /* JMChoicenessRecommendCell.m in Sources */ = {isa = PBXBuildFile; fileRef = 7678F2851D9ABCF2004F8B21 /* JMChoicenessRecommendCell.m */; };
		7678F2891D9ABD08004F8B21 /* JMChoicenessHotCell.m in Sources */ = {isa = PBXBuildFile; fileRef = 7678F2881D9ABD08004F8B21 /* JMChoicenessHotCell.m */; };
		7682F9811D9C00EB005A9EA4 /* JMChoicenessModel.m in Sources */ = {isa = PBXBuildFile; fileRef = 7682F9801D9C00EB005A9EA4 /* JMChoicenessModel.m */; };
		7682F9841D9C01B2005A9EA4 /* JMSlideModel.m in Sources */ = {isa = PBXBuildFile; fileRef = 7682F9831D9C01B2005A9EA4 /* JMSlideModel.m */; };
		7682F9871D9C01D6005A9EA4 /* JMNavigationModel.m in Sources */ = {isa = PBXBuildFile; fileRef = 7682F9861D9C01D6005A9EA4 /* JMNavigationModel.m */; };
		7682F98A1D9C01F1005A9EA4 /* JMAdvanceModel.m in Sources */ = {isa = PBXBuildFile; fileRef = 7682F9891D9C01F1005A9EA4 /* JMAdvanceModel.m */; };
		7682F98D1D9C025C005A9EA4 /* JMHotTopicModel.m in Sources */ = {isa = PBXBuildFile; fileRef = 7682F98C1D9C025C005A9EA4 /* JMHotTopicModel.m */; };
		76AF2FC71D6F374800A93AE1 /* ShouGongKeTests.m in Sources */ = {isa = PBXBuildFile; fileRef = 76AF2FC61D6F374800A93AE1 /* ShouGongKeTests.m */; };
		76AF2FD21D6F374800A93AE1 /* ShouGongKeUITests.m in Sources */ = {isa = PBXBuildFile; fileRef = 76AF2FD11D6F374800A93AE1 /* ShouGongKeUITests.m */; };
		A4CA1C376C9BE37BFA13EF4D /* libPods-ShouGongKe.a in Frameworks */ = {isa = PBXBuildFile; fileRef = 404D115402F88798CEC5BEEF /* libPods-ShouGongKe.a */; };
/* End PBXBuildFile section */

/* Begin PBXContainerItemProxy section */
		76AF2FC31D6F374800A93AE1 /* PBXContainerItemProxy */ = {
			isa = PBXContainerItemProxy;
			containerPortal = 76AF2FA11D6F374600A93AE1 /* Project object */;
			proxyType = 1;
			remoteGlobalIDString = 76AF2FA81D6F374600A93AE1;
			remoteInfo = ShouGongKe;
		};
		76AF2FCE1D6F374800A93AE1 /* PBXContainerItemProxy */ = {
			isa = PBXContainerItemProxy;
			containerPortal = 76AF2FA11D6F374600A93AE1 /* Project object */;
			proxyType = 1;
			remoteGlobalIDString = 76AF2FA81D6F374600A93AE1;
			remoteInfo = ShouGongKe;
		};
/* End PBXContainerItemProxy section */

/* Begin PBXFileReference section */
		18D5EEE1278A7776793BF6DD /* Pods-ShouGongKe.release.xcconfig */ = {isa = PBXFileReference; includeInIndex = 1; lastKnownFileType = text.xcconfig; name = "Pods-ShouGongKe.release.xcconfig"; path = "Pods/Target Support Files/Pods-ShouGongKe/Pods-ShouGongKe.release.xcconfig"; sourceTree = "<group>"; };
		2D275BA91D9A6827009CB401 /* JMActivityController.h */ = {isa = PBXFileReference; fileEncoding = 4; lastKnownFileType = sourcecode.c.h; path = JMActivityController.h; sourceTree = "<group>"; };
		2D275BAA1D9A6827009CB401 /* JMActivityController.m */ = {isa = PBXFileReference; fileEncoding = 4; lastKnownFileType = sourcecode.c.objc; path = JMActivityController.m; sourceTree = "<group>"; };
		2D275BAC1D9A682F009CB401 /* JMAttentionVController.h */ = {isa = PBXFileReference; fileEncoding = 4; lastKnownFileType = sourcecode.c.h; path = JMAttentionVController.h; sourceTree = "<group>"; };
		2D275BAD1D9A682F009CB401 /* JMAttentionVController.m */ = {isa = PBXFileReference; fileEncoding = 4; lastKnownFileType = sourcecode.c.objc; path = JMAttentionVController.m; sourceTree = "<group>"; };
		2D275BAF1D9A6838009CB401 /* JMChoicenessController.h */ = {isa = PBXFileReference; fileEncoding = 4; lastKnownFileType = sourcecode.c.h; path = JMChoicenessController.h; sourceTree = "<group>"; };
		2D275BB01D9A6838009CB401 /* JMChoicenessController.m */ = {isa = PBXFileReference; fileEncoding = 4; lastKnownFileType = sourcecode.c.objc; path = JMChoicenessController.m; sourceTree = "<group>"; };
		2D275BB21D9A683E009CB401 /* JMExpertController.h */ = {isa = PBXFileReference; fileEncoding = 4; lastKnownFileType = sourcecode.c.h; path = JMExpertController.h; sourceTree = "<group>"; };
		2D275BB31D9A683E009CB401 /* JMExpertController.m */ = {isa = PBXFileReference; fileEncoding = 4; lastKnownFileType = sourcecode.c.objc; path = JMExpertController.m; sourceTree = "<group>"; };
		2D275BB51D9A68B6009CB401 /* JMChoicenessCLView.h */ = {isa = PBXFileReference; fileEncoding = 4; lastKnownFileType = sourcecode.c.h; path = JMChoicenessCLView.h; sourceTree = "<group>"; };
		2D275BB61D9A68B6009CB401 /* JMChoicenessCLView.m */ = {isa = PBXFileReference; fileEncoding = 4; lastKnownFileType = sourcecode.c.objc; path = JMChoicenessCLView.m; sourceTree = "<group>"; };
		2D275BB81D9A6C32009CB401 /* JMChoicenessScrollViewCell.h */ = {isa = PBXFileReference; fileEncoding = 4; lastKnownFileType = sourcecode.c.h; path = JMChoicenessScrollViewCell.h; sourceTree = "<group>"; };
		2D275BB91D9A6C32009CB401 /* JMChoicenessScrollViewCell.m */ = {isa = PBXFileReference; fileEncoding = 4; lastKnownFileType = sourcecode.c.objc; path = JMChoicenessScrollViewCell.m; sourceTree = "<group>"; };
		2D5EA3FC1D84070B00C35029 /* AFAppDotNetAPIClient.h */ = {isa = PBXFileReference; fileEncoding = 4; lastKnownFileType = sourcecode.c.h; path = AFAppDotNetAPIClient.h; sourceTree = "<group>"; };
		2D5EA3FD1D84070B00C35029 /* AFAppDotNetAPIClient.m */ = {isa = PBXFileReference; fileEncoding = 4; lastKnownFileType = sourcecode.c.objc; path = AFAppDotNetAPIClient.m; sourceTree = "<group>"; };
		2D5EA3FF1D84072000C35029 /* NSDictionary+RequestEncoding.h */ = {isa = PBXFileReference; fileEncoding = 4; lastKnownFileType = sourcecode.c.h; path = "NSDictionary+RequestEncoding.h"; sourceTree = "<group>"; };
		2D5EA4001D84072000C35029 /* NSDictionary+RequestEncoding.m */ = {isa = PBXFileReference; fileEncoding = 4; lastKnownFileType = sourcecode.c.objc; path = "NSDictionary+RequestEncoding.m"; sourceTree = "<group>"; };
		2DB0798B1D9BA70100403E18 /* SGKManager.h */ = {isa = PBXFileReference; fileEncoding = 4; lastKnownFileType = sourcecode.c.h; path = SGKManager.h; sourceTree = "<group>"; };
		2DB0798C1D9BA70100403E18 /* SGKManager.m */ = {isa = PBXFileReference; fileEncoding = 4; lastKnownFileType = sourcecode.c.objc; path = SGKManager.m; sourceTree = "<group>"; };
		2DB0798E1D9BB6FD00403E18 /* BaseModel.h */ = {isa = PBXFileReference; fileEncoding = 4; lastKnownFileType = sourcecode.c.h; path = BaseModel.h; sourceTree = "<group>"; };
		2DB0798F1D9BB6FD00403E18 /* BaseModel.m */ = {isa = PBXFileReference; fileEncoding = 4; lastKnownFileType = sourcecode.c.objc; path = BaseModel.m; sourceTree = "<group>"; };
		2DB079911D9BB70700403E18 /* StatusModel.h */ = {isa = PBXFileReference; fileEncoding = 4; lastKnownFileType = sourcecode.c.h; path = StatusModel.h; sourceTree = "<group>"; };
		2DB079921D9BB70700403E18 /* StatusModel.m */ = {isa = PBXFileReference; fileEncoding = 4; lastKnownFileType = sourcecode.c.objc; path = StatusModel.m; sourceTree = "<group>"; };
		2DB079941D9BB73400403E18 /* StatusRecordListModel.h */ = {isa = PBXFileReference; fileEncoding = 4; lastKnownFileType = sourcecode.c.h; path = StatusRecordListModel.h; sourceTree = "<group>"; };
		2DB079951D9BB73400403E18 /* StatusRecordListModel.m */ = {isa = PBXFileReference; fileEncoding = 4; lastKnownFileType = sourcecode.c.objc; path = StatusRecordListModel.m; sourceTree = "<group>"; };
		2DE88B2D1D8FD7860027674D /* WebKit.framework */ = {isa = PBXFileReference; lastKnownFileType = wrapper.framework; name = WebKit.framework; path = System/Library/Frameworks/WebKit.framework; sourceTree = SDKROOT; };
		2DE88B301D8FE0E60027674D /* AppDelegate.h */ = {isa = PBXFileReference; fileEncoding = 4; lastKnownFileType = sourcecode.c.h; path = AppDelegate.h; sourceTree = "<group>"; };
		2DE88B311D8FE0E60027674D /* AppDelegate.m */ = {isa = PBXFileReference; fileEncoding = 4; lastKnownFileType = sourcecode.c.objc; path = AppDelegate.m; sourceTree = "<group>"; };
		2DE88B361D8FE2150027674D /* AppDelegate+RootController.h */ = {isa = PBXFileReference; fileEncoding = 4; lastKnownFileType = sourcecode.c.h; path = "AppDelegate+RootController.h"; sourceTree = "<group>"; };
		2DE88B371D8FE2150027674D /* AppDelegate+RootController.m */ = {isa = PBXFileReference; fileEncoding = 4; lastKnownFileType = sourcecode.c.objc; path = "AppDelegate+RootController.m"; sourceTree = "<group>"; };
		2DE88B391D8FE2380027674D /* AppDelegate+AppLifeCircle.h */ = {isa = PBXFileReference; fileEncoding = 4; lastKnownFileType = sourcecode.c.h; path = "AppDelegate+AppLifeCircle.h"; sourceTree = "<group>"; };
		2DE88B3A1D8FE2380027674D /* AppDelegate+AppLifeCircle.m */ = {isa = PBXFileReference; fileEncoding = 4; lastKnownFileType = sourcecode.c.objc; path = "AppDelegate+AppLifeCircle.m"; sourceTree = "<group>"; };
		2DE88B3C1D8FE24E0027674D /* AppDelegate+AppService.h */ = {isa = PBXFileReference; fileEncoding = 4; lastKnownFileType = sourcecode.c.h; path = "AppDelegate+AppService.h"; sourceTree = "<group>"; };
		2DE88B3D1D8FE24E0027674D /* AppDelegate+AppService.m */ = {isa = PBXFileReference; fileEncoding = 4; lastKnownFileType = sourcecode.c.objc; path = "AppDelegate+AppService.m"; sourceTree = "<group>"; };
		2DE88B3F1D8FE6AD0027674D /* JMAdViewController.h */ = {isa = PBXFileReference; fileEncoding = 4; lastKnownFileType = sourcecode.c.h; name = JMAdViewController.h; path = ShouGongKe/AppDelegate/JMAdViewController.h; sourceTree = SOURCE_ROOT; };
		2DE88B401D8FE6AD0027674D /* JMAdViewController.m */ = {isa = PBXFileReference; fileEncoding = 4; lastKnownFileType = sourcecode.c.objc; name = JMAdViewController.m; path = ShouGongKe/AppDelegate/JMAdViewController.m; sourceTree = SOURCE_ROOT; };
		404D115402F88798CEC5BEEF /* libPods-ShouGongKe.a */ = {isa = PBXFileReference; explicitFileType = archive.ar; includeInIndex = 0; path = "libPods-ShouGongKe.a"; sourceTree = BUILT_PRODUCTS_DIR; };
		76151ACE1D90319B0097C6DE /* JMTabBarController.h */ = {isa = PBXFileReference; fileEncoding = 4; lastKnownFileType = sourcecode.c.h; path = JMTabBarController.h; sourceTree = "<group>"; };
		76151ACF1D90319B0097C6DE /* JMTabBarController.m */ = {isa = PBXFileReference; fileEncoding = 4; lastKnownFileType = sourcecode.c.objc; path = JMTabBarController.m; sourceTree = "<group>"; };
		76151AD11D9033950097C6DE /* JMHomeViewController.h */ = {isa = PBXFileReference; fileEncoding = 4; lastKnownFileType = sourcecode.c.h; path = JMHomeViewController.h; sourceTree = "<group>"; };
		76151AD21D9033950097C6DE /* JMHomeViewController.m */ = {isa = PBXFileReference; fileEncoding = 4; lastKnownFileType = sourcecode.c.objc; path = JMHomeViewController.m; sourceTree = "<group>"; };
		76151AD41D9033B10097C6DE /* JMTutoriaViewController.h */ = {isa = PBXFileReference; fileEncoding = 4; lastKnownFileType = sourcecode.c.h; path = JMTutoriaViewController.h; sourceTree = "<group>"; };
		76151AD51D9033B10097C6DE /* JMTutoriaViewController.m */ = {isa = PBXFileReference; fileEncoding = 4; lastKnownFileType = sourcecode.c.objc; path = JMTutoriaViewController.m; sourceTree = "<group>"; };
		76151AD71D9033C00097C6DE /* JMHandViewController.h */ = {isa = PBXFileReference; fileEncoding = 4; lastKnownFileType = sourcecode.c.h; path = JMHandViewController.h; sourceTree = "<group>"; };
		76151AD81D9033C00097C6DE /* JMHandViewController.m */ = {isa = PBXFileReference; fileEncoding = 4; lastKnownFileType = sourcecode.c.objc; path = JMHandViewController.m; sourceTree = "<group>"; };
		76151ADD1D9033F60097C6DE /* JMFairViewController.h */ = {isa = PBXFileReference; fileEncoding = 4; lastKnownFileType = sourcecode.c.h; path = JMFairViewController.h; sourceTree = "<group>"; };
		76151ADE1D9033F60097C6DE /* JMFairViewController.m */ = {isa = PBXFileReference; fileEncoding = 4; lastKnownFileType = sourcecode.c.objc; path = JMFairViewController.m; sourceTree = "<group>"; };
		76151AE01D9034080097C6DE /* JMMyViewController.h */ = {isa = PBXFileReference; fileEncoding = 4; lastKnownFileType = sourcecode.c.h; path = JMMyViewController.h; sourceTree = "<group>"; };
		76151AE11D9034080097C6DE /* JMMyViewController.m */ = {isa = PBXFileReference; fileEncoding = 4; lastKnownFileType = sourcecode.c.objc; path = JMMyViewController.m; sourceTree = "<group>"; };
		7615AAA11D82E8C500A2634F /* BaseViewController.h */ = {isa = PBXFileReference; fileEncoding = 4; lastKnownFileType = sourcecode.c.h; path = BaseViewController.h; sourceTree = "<group>"; };
		7615AAA21D82E8C500A2634F /* BaseViewController.m */ = {isa = PBXFileReference; fileEncoding = 4; lastKnownFileType = sourcecode.c.objc; path = BaseViewController.m; sourceTree = "<group>"; };
		7615AAA71D82E8C500A2634F /* ShouGongKe-Prefix.pch */ = {isa = PBXFileReference; fileEncoding = 4; lastKnownFileType = sourcecode.c.h; path = "ShouGongKe-Prefix.pch"; sourceTree = "<group>"; };
		7615AAAC1D82E95100A2634F /* Assets.xcassets */ = {isa = PBXFileReference; lastKnownFileType = folder.assetcatalog; path = Assets.xcassets; sourceTree = "<group>"; };
		7615AAAF1D82E95100A2634F /* Base */ = {isa = PBXFileReference; lastKnownFileType = file.storyboard; name = Base; path = LaunchScreen.storyboard; sourceTree = "<group>"; };
		7615AABA1D82EADD00A2634F /* Common_define.h */ = {isa = PBXFileReference; lastKnownFileType = sourcecode.c.h; path = Common_define.h; sourceTree = "<group>"; };
		7615AABB1D82EB3700A2634F /* Common_color.h */ = {isa = PBXFileReference; lastKnownFileType = sourcecode.c.h; path = Common_color.h; sourceTree = "<group>"; };
		7615AABC1D82EB4A00A2634F /* Common_font.h */ = {isa = PBXFileReference; lastKnownFileType = sourcecode.c.h; path = Common_font.h; sourceTree = "<group>"; };
		7615AABD1D82EB7700A2634F /* Common_network.h */ = {isa = PBXFileReference; lastKnownFileType = sourcecode.c.h; path = Common_network.h; sourceTree = "<group>"; };
		7615AABE1D82EBE500A2634F /* Common_nofication.h */ = {isa = PBXFileReference; lastKnownFileType = sourcecode.c.h; path = Common_nofication.h; sourceTree = "<group>"; };
		7615AABF1D82EBF500A2634F /* Common_time.h */ = {isa = PBXFileReference; lastKnownFileType = sourcecode.c.h; path = Common_time.h; sourceTree = "<group>"; };
		7615AAC01D82F06F00A2634F /* Info.plist */ = {isa = PBXFileReference; fileEncoding = 4; lastKnownFileType = text.plist.xml; path = Info.plist; sourceTree = "<group>"; };
		7615AAC11D82F06F00A2634F /* main.m */ = {isa = PBXFileReference; fileEncoding = 4; lastKnownFileType = sourcecode.c.objc; path = main.m; sourceTree = "<group>"; };
		7615AAC41D82F57F00A2634F /* UIButton+Block.h */ = {isa = PBXFileReference; fileEncoding = 4; lastKnownFileType = sourcecode.c.h; path = "UIButton+Block.h"; sourceTree = "<group>"; };
		7615AAC51D82F57F00A2634F /* UIButton+Block.m */ = {isa = PBXFileReference; fileEncoding = 4; lastKnownFileType = sourcecode.c.objc; path = "UIButton+Block.m"; sourceTree = "<group>"; };
		7615AAC71D82F59300A2634F /* NSString+Regex.h */ = {isa = PBXFileReference; fileEncoding = 4; lastKnownFileType = sourcecode.c.h; path = "NSString+Regex.h"; sourceTree = "<group>"; };
		7615AAC81D82F59300A2634F /* NSString+Regex.m */ = {isa = PBXFileReference; fileEncoding = 4; lastKnownFileType = sourcecode.c.objc; path = "NSString+Regex.m"; sourceTree = "<group>"; };
		7615AAC91D82F59300A2634F /* NSString+String.h */ = {isa = PBXFileReference; fileEncoding = 4; lastKnownFileType = sourcecode.c.h; path = "NSString+String.h"; sourceTree = "<group>"; };
		7615AACA1D82F59300A2634F /* NSString+String.m */ = {isa = PBXFileReference; fileEncoding = 4; lastKnownFileType = sourcecode.c.objc; path = "NSString+String.m"; sourceTree = "<group>"; };
		7615AACD1D82F5DF00A2634F /* UIViewExt.h */ = {isa = PBXFileReference; fileEncoding = 4; lastKnownFileType = sourcecode.c.h; path = UIViewExt.h; sourceTree = "<group>"; };
		7615AACE1D82F5DF00A2634F /* UIViewExt.m */ = {isa = PBXFileReference; fileEncoding = 4; lastKnownFileType = sourcecode.c.objc; path = UIViewExt.m; sourceTree = "<group>"; };
		7615AAD31D82F75A00A2634F /* UIColor+Extension.h */ = {isa = PBXFileReference; fileEncoding = 4; lastKnownFileType = sourcecode.c.h; path = "UIColor+Extension.h"; sourceTree = "<group>"; };
		7615AAD41D82F75A00A2634F /* UIColor+Extension.m */ = {isa = PBXFileReference; fileEncoding = 4; lastKnownFileType = sourcecode.c.objc; path = "UIColor+Extension.m"; sourceTree = "<group>"; };
		7615AAD61D82F7CB00A2634F /* UIImage+ImageWithColor.h */ = {isa = PBXFileReference; fileEncoding = 4; lastKnownFileType = sourcecode.c.h; path = "UIImage+ImageWithColor.h"; sourceTree = "<group>"; };
		7615AAD71D82F7CB00A2634F /* UIImage+ImageWithColor.m */ = {isa = PBXFileReference; fileEncoding = 4; lastKnownFileType = sourcecode.c.objc; path = "UIImage+ImageWithColor.m"; sourceTree = "<group>"; };
		7615AAD91D82F83300A2634F /* UIView+BlockGesture.h */ = {isa = PBXFileReference; fileEncoding = 4; lastKnownFileType = sourcecode.c.h; path = "UIView+BlockGesture.h"; sourceTree = "<group>"; };
		7615AADA1D82F83300A2634F /* UIView+BlockGesture.m */ = {isa = PBXFileReference; fileEncoding = 4; lastKnownFileType = sourcecode.c.objc; path = "UIView+BlockGesture.m"; sourceTree = "<group>"; };
		7615AADC1D82F86300A2634F /* UIView+ViewController.h */ = {isa = PBXFileReference; fileEncoding = 4; lastKnownFileType = sourcecode.c.h; path = "UIView+ViewController.h"; sourceTree = "<group>"; };
		7615AADD1D82F86300A2634F /* UIView+ViewController.m */ = {isa = PBXFileReference; fileEncoding = 4; lastKnownFileType = sourcecode.c.objc; path = "UIView+ViewController.m"; sourceTree = "<group>"; };
		7615AADF1D82F89200A2634F /* UIViewController+Dealloc.h */ = {isa = PBXFileReference; fileEncoding = 4; lastKnownFileType = sourcecode.c.h; path = "UIViewController+Dealloc.h"; sourceTree = "<group>"; };
		7615AAE01D82F89200A2634F /* UIViewController+Dealloc.m */ = {isa = PBXFileReference; fileEncoding = 4; lastKnownFileType = sourcecode.c.objc; path = "UIViewController+Dealloc.m"; sourceTree = "<group>"; };
		7615AAE21D82F8BB00A2634F /* WKWebView+SynchronousEvaluateJavaScript.h */ = {isa = PBXFileReference; fileEncoding = 4; lastKnownFileType = sourcecode.c.h; path = "WKWebView+SynchronousEvaluateJavaScript.h"; sourceTree = "<group>"; };
		7615AAE31D82F8BB00A2634F /* WKWebView+SynchronousEvaluateJavaScript.m */ = {isa = PBXFileReference; fileEncoding = 4; lastKnownFileType = sourcecode.c.objc; path = "WKWebView+SynchronousEvaluateJavaScript.m"; sourceTree = "<group>"; };
		7615AAE61D82FAF400A2634F /* BaseManager.h */ = {isa = PBXFileReference; fileEncoding = 4; lastKnownFileType = sourcecode.c.h; path = BaseManager.h; sourceTree = "<group>"; };
		7615AAE71D82FAF400A2634F /* BaseManager.m */ = {isa = PBXFileReference; fileEncoding = 4; lastKnownFileType = sourcecode.c.objc; path = BaseManager.m; sourceTree = "<group>"; };
		761C69B11D92DB92009DD827 /* UIView+Frame.h */ = {isa = PBXFileReference; fileEncoding = 4; lastKnownFileType = sourcecode.c.h; path = "UIView+Frame.h"; sourceTree = "<group>"; };
		761C69B21D92DB92009DD827 /* UIView+Frame.m */ = {isa = PBXFileReference; fileEncoding = 4; lastKnownFileType = sourcecode.c.objc; path = "UIView+Frame.m"; sourceTree = "<group>"; };
		761C69B31D92DB92009DD827 /* YZDisplayTitleLabel.h */ = {isa = PBXFileReference; fileEncoding = 4; lastKnownFileType = sourcecode.c.h; path = YZDisplayTitleLabel.h; sourceTree = "<group>"; };
		761C69B41D92DB92009DD827 /* YZDisplayTitleLabel.m */ = {isa = PBXFileReference; fileEncoding = 4; lastKnownFileType = sourcecode.c.objc; path = YZDisplayTitleLabel.m; sourceTree = "<group>"; };
		761C69B51D92DB92009DD827 /* YZDisplayViewController.h */ = {isa = PBXFileReference; fileEncoding = 4; lastKnownFileType = sourcecode.c.h; path = YZDisplayViewController.h; sourceTree = "<group>"; };
		761C69B61D92DB92009DD827 /* YZDisplayViewController.m */ = {isa = PBXFileReference; fileEncoding = 4; lastKnownFileType = sourcecode.c.objc; path = YZDisplayViewController.m; sourceTree = "<group>"; };
		761C69B71D92DB92009DD827 /* YZDisplayViewHeader.h */ = {isa = PBXFileReference; fileEncoding = 4; lastKnownFileType = sourcecode.c.h; path = YZDisplayViewHeader.h; sourceTree = "<group>"; };
		761C69B81D92DB92009DD827 /* YZFlowLayout.h */ = {isa = PBXFileReference; fileEncoding = 4; lastKnownFileType = sourcecode.c.h; path = YZFlowLayout.h; sourceTree = "<group>"; };
		761C69B91D92DB92009DD827 /* YZFlowLayout.m */ = {isa = PBXFileReference; fileEncoding = 4; lastKnownFileType = sourcecode.c.objc; path = YZFlowLayout.m; sourceTree = "<group>"; };
		7678F2811D9ABC64004F8B21 /* JMChoicenessSelectCell.h */ = {isa = PBXFileReference; fileEncoding = 4; lastKnownFileType = sourcecode.c.h; path = JMChoicenessSelectCell.h; sourceTree = "<group>"; };
		7678F2821D9ABC64004F8B21 /* JMChoicenessSelectCell.m */ = {isa = PBXFileReference; fileEncoding = 4; lastKnownFileType = sourcecode.c.objc; path = JMChoicenessSelectCell.m; sourceTree = "<group>"; };
		7678F2841D9ABCF2004F8B21 /* JMChoicenessRecommendCell.h */ = {isa = PBXFileReference; fileEncoding = 4; lastKnownFileType = sourcecode.c.h; path = JMChoicenessRecommendCell.h; sourceTree = "<group>"; };
		7678F2851D9ABCF2004F8B21 /* JMChoicenessRecommendCell.m */ = {isa = PBXFileReference; fileEncoding = 4; lastKnownFileType = sourcecode.c.objc; path = JMChoicenessRecommendCell.m; sourceTree = "<group>"; };
		7678F2871D9ABD08004F8B21 /* JMChoicenessHotCell.h */ = {isa = PBXFileReference; fileEncoding = 4; lastKnownFileType = sourcecode.c.h; path = JMChoicenessHotCell.h; sourceTree = "<group>"; };
		7678F2881D9ABD08004F8B21 /* JMChoicenessHotCell.m */ = {isa = PBXFileReference; fileEncoding = 4; lastKnownFileType = sourcecode.c.objc; path = JMChoicenessHotCell.m; sourceTree = "<group>"; };
		7682F97F1D9C00EB005A9EA4 /* JMChoicenessModel.h */ = {isa = PBXFileReference; fileEncoding = 4; lastKnownFileType = sourcecode.c.h; name = JMChoicenessModel.h; path = "ShouGongKe/Class/Home(首页)/Choiceness（精选）/View/JMChoicenessModel.h"; sourceTree = SOURCE_ROOT; };
		7682F9801D9C00EB005A9EA4 /* JMChoicenessModel.m */ = {isa = PBXFileReference; fileEncoding = 4; lastKnownFileType = sourcecode.c.objc; name = JMChoicenessModel.m; path = "ShouGongKe/Class/Home(首页)/Choiceness（精选）/View/JMChoicenessModel.m"; sourceTree = SOURCE_ROOT; };
		7682F9821D9C01B2005A9EA4 /* JMSlideModel.h */ = {isa = PBXFileReference; fileEncoding = 4; lastKnownFileType = sourcecode.c.h; name = JMSlideModel.h; path = "ShouGongKe/Class/Home(首页)/Choiceness（精选）/View/JMSlideModel.h"; sourceTree = SOURCE_ROOT; };
		7682F9831D9C01B2005A9EA4 /* JMSlideModel.m */ = {isa = PBXFileReference; fileEncoding = 4; lastKnownFileType = sourcecode.c.objc; name = JMSlideModel.m; path = "ShouGongKe/Class/Home(首页)/Choiceness（精选）/View/JMSlideModel.m"; sourceTree = SOURCE_ROOT; };
		7682F9851D9C01D6005A9EA4 /* JMNavigationModel.h */ = {isa = PBXFileReference; fileEncoding = 4; lastKnownFileType = sourcecode.c.h; name = JMNavigationModel.h; path = "ShouGongKe/Class/Home(首页)/Choiceness（精选）/View/JMNavigationModel.h"; sourceTree = SOURCE_ROOT; };
		7682F9861D9C01D6005A9EA4 /* JMNavigationModel.m */ = {isa = PBXFileReference; fileEncoding = 4; lastKnownFileType = sourcecode.c.objc; name = JMNavigationModel.m; path = "ShouGongKe/Class/Home(首页)/Choiceness（精选）/View/JMNavigationModel.m"; sourceTree = SOURCE_ROOT; };
		7682F9881D9C01F1005A9EA4 /* JMAdvanceModel.h */ = {isa = PBXFileReference; fileEncoding = 4; lastKnownFileType = sourcecode.c.h; name = JMAdvanceModel.h; path = "ShouGongKe/Class/Home(首页)/Choiceness（精选）/View/JMAdvanceModel.h"; sourceTree = SOURCE_ROOT; };
		7682F9891D9C01F1005A9EA4 /* JMAdvanceModel.m */ = {isa = PBXFileReference; fileEncoding = 4; lastKnownFileType = sourcecode.c.objc; name = JMAdvanceModel.m; path = "ShouGongKe/Class/Home(首页)/Choiceness（精选）/View/JMAdvanceModel.m"; sourceTree = SOURCE_ROOT; };
		7682F98B1D9C025C005A9EA4 /* JMHotTopicModel.h */ = {isa = PBXFileReference; fileEncoding = 4; lastKnownFileType = sourcecode.c.h; name = JMHotTopicModel.h; path = "ShouGongKe/Class/Home(首页)/Choiceness（精选）/View/JMHotTopicModel.h"; sourceTree = SOURCE_ROOT; };
		7682F98C1D9C025C005A9EA4 /* JMHotTopicModel.m */ = {isa = PBXFileReference; fileEncoding = 4; lastKnownFileType = sourcecode.c.objc; name = JMHotTopicModel.m; path = "ShouGongKe/Class/Home(首页)/Choiceness（精选）/View/JMHotTopicModel.m"; sourceTree = SOURCE_ROOT; };
		76AF2FA91D6F374600A93AE1 /* ShouGongKe.app */ = {isa = PBXFileReference; explicitFileType = wrapper.application; includeInIndex = 0; path = ShouGongKe.app; sourceTree = BUILT_PRODUCTS_DIR; };
		76AF2FC21D6F374800A93AE1 /* ShouGongKeTests.xctest */ = {isa = PBXFileReference; explicitFileType = wrapper.cfbundle; includeInIndex = 0; path = ShouGongKeTests.xctest; sourceTree = BUILT_PRODUCTS_DIR; };
		76AF2FC61D6F374800A93AE1 /* ShouGongKeTests.m */ = {isa = PBXFileReference; lastKnownFileType = sourcecode.c.objc; path = ShouGongKeTests.m; sourceTree = "<group>"; };
		76AF2FC81D6F374800A93AE1 /* Info.plist */ = {isa = PBXFileReference; lastKnownFileType = text.plist.xml; path = Info.plist; sourceTree = "<group>"; };
		76AF2FCD1D6F374800A93AE1 /* ShouGongKeUITests.xctest */ = {isa = PBXFileReference; explicitFileType = wrapper.cfbundle; includeInIndex = 0; path = ShouGongKeUITests.xctest; sourceTree = BUILT_PRODUCTS_DIR; };
		76AF2FD11D6F374800A93AE1 /* ShouGongKeUITests.m */ = {isa = PBXFileReference; lastKnownFileType = sourcecode.c.objc; path = ShouGongKeUITests.m; sourceTree = "<group>"; };
		76AF2FD31D6F374800A93AE1 /* Info.plist */ = {isa = PBXFileReference; lastKnownFileType = text.plist.xml; path = Info.plist; sourceTree = "<group>"; };
		DDA3FB1483BC707228395B2C /* Pods-ShouGongKe.debug.xcconfig */ = {isa = PBXFileReference; includeInIndex = 1; lastKnownFileType = text.xcconfig; name = "Pods-ShouGongKe.debug.xcconfig"; path = "Pods/Target Support Files/Pods-ShouGongKe/Pods-ShouGongKe.debug.xcconfig"; sourceTree = "<group>"; };
/* End PBXFileReference section */

/* Begin PBXFrameworksBuildPhase section */
		76AF2FA61D6F374600A93AE1 /* Frameworks */ = {
			isa = PBXFrameworksBuildPhase;
			buildActionMask = 2147483647;
			files = (
				2DE88B2E1D8FD7860027674D /* WebKit.framework in Frameworks */,
				A4CA1C376C9BE37BFA13EF4D /* libPods-ShouGongKe.a in Frameworks */,
			);
			runOnlyForDeploymentPostprocessing = 0;
		};
		76AF2FBF1D6F374800A93AE1 /* Frameworks */ = {
			isa = PBXFrameworksBuildPhase;
			buildActionMask = 2147483647;
			files = (
			);
			runOnlyForDeploymentPostprocessing = 0;
		};
		76AF2FCA1D6F374800A93AE1 /* Frameworks */ = {
			isa = PBXFrameworksBuildPhase;
			buildActionMask = 2147483647;
			files = (
			);
			runOnlyForDeploymentPostprocessing = 0;
		};
/* End PBXFrameworksBuildPhase section */

/* Begin PBXGroup section */
		2D275B901D9A67C1009CB401 /* Activity（活动） */ = {
			isa = PBXGroup;
			children = (
				2D275B911D9A67C1009CB401 /* Controller */,
				2D275B921D9A67C1009CB401 /* Model */,
				2D275B931D9A67C1009CB401 /* View */,
			);
			path = "Activity（活动）";
			sourceTree = "<group>";
		};
		2D275B911D9A67C1009CB401 /* Controller */ = {
			isa = PBXGroup;
			children = (
				2D275BA91D9A6827009CB401 /* JMActivityController.h */,
				2D275BAA1D9A6827009CB401 /* JMActivityController.m */,
			);
			path = Controller;
			sourceTree = "<group>";
		};
		2D275B921D9A67C1009CB401 /* Model */ = {
			isa = PBXGroup;
			children = (
			);
			path = Model;
			sourceTree = "<group>";
		};
		2D275B931D9A67C1009CB401 /* View */ = {
			isa = PBXGroup;
			children = (
			);
			path = View;
			sourceTree = "<group>";
		};
		2D275B941D9A67C1009CB401 /* Attention（关注） */ = {
			isa = PBXGroup;
			children = (
				2D275B951D9A67C1009CB401 /* Controller */,
				2D275B961D9A67C1009CB401 /* Model */,
				2D275B971D9A67C1009CB401 /* View */,
			);
			path = "Attention（关注）";
			sourceTree = "<group>";
		};
		2D275B951D9A67C1009CB401 /* Controller */ = {
			isa = PBXGroup;
			children = (
				2D275BAC1D9A682F009CB401 /* JMAttentionVController.h */,
				2D275BAD1D9A682F009CB401 /* JMAttentionVController.m */,
			);
			path = Controller;
			sourceTree = "<group>";
		};
		2D275B961D9A67C1009CB401 /* Model */ = {
			isa = PBXGroup;
			children = (
			);
			path = Model;
			sourceTree = "<group>";
		};
		2D275B971D9A67C1009CB401 /* View */ = {
			isa = PBXGroup;
			children = (
			);
			path = View;
			sourceTree = "<group>";
		};
		2D275B981D9A67C1009CB401 /* Choiceness（精选） */ = {
			isa = PBXGroup;
			children = (
				2D275B991D9A67C1009CB401 /* Controller */,
				2D275B9A1D9A67C1009CB401 /* Model */,
				2D275B9B1D9A67C1009CB401 /* View */,
			);
			path = "Choiceness（精选）";
			sourceTree = "<group>";
		};
		2D275B991D9A67C1009CB401 /* Controller */ = {
			isa = PBXGroup;
			children = (
				2D275BAF1D9A6838009CB401 /* JMChoicenessController.h */,
				2D275BB01D9A6838009CB401 /* JMChoicenessController.m */,
			);
			path = Controller;
			sourceTree = "<group>";
		};
		2D275B9A1D9A67C1009CB401 /* Model */ = {
			isa = PBXGroup;
			children = (
				7682F97F1D9C00EB005A9EA4 /* JMChoicenessModel.h */,
				7682F9801D9C00EB005A9EA4 /* JMChoicenessModel.m */,
				7682F9821D9C01B2005A9EA4 /* JMSlideModel.h */,
				7682F9831D9C01B2005A9EA4 /* JMSlideModel.m */,
				7682F9851D9C01D6005A9EA4 /* JMNavigationModel.h */,
				7682F9861D9C01D6005A9EA4 /* JMNavigationModel.m */,
				7682F9881D9C01F1005A9EA4 /* JMAdvanceModel.h */,
				7682F9891D9C01F1005A9EA4 /* JMAdvanceModel.m */,
				7682F98B1D9C025C005A9EA4 /* JMHotTopicModel.h */,
				7682F98C1D9C025C005A9EA4 /* JMHotTopicModel.m */,
			);
			path = Model;
			sourceTree = "<group>";
		};
		2D275B9B1D9A67C1009CB401 /* View */ = {
			isa = PBXGroup;
			children = (
				2D275BB51D9A68B6009CB401 /* JMChoicenessCLView.h */,
				2D275BB61D9A68B6009CB401 /* JMChoicenessCLView.m */,
				2D275BB81D9A6C32009CB401 /* JMChoicenessScrollViewCell.h */,
				2D275BB91D9A6C32009CB401 /* JMChoicenessScrollViewCell.m */,
				7678F2811D9ABC64004F8B21 /* JMChoicenessSelectCell.h */,
				7678F2821D9ABC64004F8B21 /* JMChoicenessSelectCell.m */,
				7678F2841D9ABCF2004F8B21 /* JMChoicenessRecommendCell.h */,
				7678F2851D9ABCF2004F8B21 /* JMChoicenessRecommendCell.m */,
				7678F2871D9ABD08004F8B21 /* JMChoicenessHotCell.h */,
				7678F2881D9ABD08004F8B21 /* JMChoicenessHotCell.m */,
			);
			path = View;
			sourceTree = "<group>";
		};
		2D275B9C1D9A67C1009CB401 /* Expert（达人） */ = {
			isa = PBXGroup;
			children = (
				2D275B9D1D9A67C1009CB401 /* Controller */,
				2D275B9E1D9A67C1009CB401 /* Model */,
				2D275B9F1D9A67C1009CB401 /* View */,
			);
			path = "Expert（达人）";
			sourceTree = "<group>";
		};
		2D275B9D1D9A67C1009CB401 /* Controller */ = {
			isa = PBXGroup;
			children = (
				2D275BB21D9A683E009CB401 /* JMExpertController.h */,
				2D275BB31D9A683E009CB401 /* JMExpertController.m */,
			);
			path = Controller;
			sourceTree = "<group>";
		};
		2D275B9E1D9A67C1009CB401 /* Model */ = {
			isa = PBXGroup;
			children = (
			);
			path = Model;
			sourceTree = "<group>";
		};
		2D275B9F1D9A67C1009CB401 /* View */ = {
			isa = PBXGroup;
			children = (
			);
			path = View;
			sourceTree = "<group>";
		};
		2DE88B2F1D8FE0E60027674D /* AppDelegate */ = {
			isa = PBXGroup;
			children = (
				2DE88B301D8FE0E60027674D /* AppDelegate.h */,
				2DE88B311D8FE0E60027674D /* AppDelegate.m */,
				2DE88B361D8FE2150027674D /* AppDelegate+RootController.h */,
				2DE88B371D8FE2150027674D /* AppDelegate+RootController.m */,
				2DE88B391D8FE2380027674D /* AppDelegate+AppLifeCircle.h */,
				2DE88B3A1D8FE2380027674D /* AppDelegate+AppLifeCircle.m */,
				2DE88B3C1D8FE24E0027674D /* AppDelegate+AppService.h */,
				2DE88B3D1D8FE24E0027674D /* AppDelegate+AppService.m */,
			);
			path = AppDelegate;
			sourceTree = "<group>";
		};
		55FCDC4B63B1EFF3A7B021BA /* Pods */ = {
			isa = PBXGroup;
			children = (
				DDA3FB1483BC707228395B2C /* Pods-ShouGongKe.debug.xcconfig */,
				18D5EEE1278A7776793BF6DD /* Pods-ShouGongKe.release.xcconfig */,
			);
			name = Pods;
			sourceTree = "<group>";
		};
		644AA1DF8BA6D648FF585CC8 /* Frameworks */ = {
			isa = PBXGroup;
			children = (
				2DE88B2D1D8FD7860027674D /* WebKit.framework */,
				404D115402F88798CEC5BEEF /* libPods-ShouGongKe.a */,
			);
			name = Frameworks;
			sourceTree = "<group>";
		};
		7615AA9F1D82E8C500A2634F /* Main(主要) */ = {
			isa = PBXGroup;
			children = (
				7615AAA01D82E8C500A2634F /* Base */,
				7615AAA31D82E8C500A2634F /* Category */,
				7615AAA51D82E8C500A2634F /* Lib(第三方) */,
				7615AAA61D82E8C500A2634F /* Tools */,
			);
			path = "Main(主要)";
			sourceTree = "<group>";
		};
		7615AAA01D82E8C500A2634F /* Base */ = {
			isa = PBXGroup;
			children = (
				7615AAA11D82E8C500A2634F /* BaseViewController.h */,
				7615AAA21D82E8C500A2634F /* BaseViewController.m */,
				76151ACE1D90319B0097C6DE /* JMTabBarController.h */,
				76151ACF1D90319B0097C6DE /* JMTabBarController.m */,
				2DB0798E1D9BB6FD00403E18 /* BaseModel.h */,
				2DB0798F1D9BB6FD00403E18 /* BaseModel.m */,
				2DB079911D9BB70700403E18 /* StatusModel.h */,
				2DB079921D9BB70700403E18 /* StatusModel.m */,
				2DB079941D9BB73400403E18 /* StatusRecordListModel.h */,
				2DB079951D9BB73400403E18 /* StatusRecordListModel.m */,
			);
			path = Base;
			sourceTree = "<group>";
		};
		7615AAA31D82E8C500A2634F /* Category */ = {
			isa = PBXGroup;
			children = (
				2D5EA3FF1D84072000C35029 /* NSDictionary+RequestEncoding.h */,
				2D5EA4001D84072000C35029 /* NSDictionary+RequestEncoding.m */,
				7615AAE21D82F8BB00A2634F /* WKWebView+SynchronousEvaluateJavaScript.h */,
				7615AAE31D82F8BB00A2634F /* WKWebView+SynchronousEvaluateJavaScript.m */,
				7615AADF1D82F89200A2634F /* UIViewController+Dealloc.h */,
				7615AAE01D82F89200A2634F /* UIViewController+Dealloc.m */,
				7615AADC1D82F86300A2634F /* UIView+ViewController.h */,
				7615AADD1D82F86300A2634F /* UIView+ViewController.m */,
				7615AAD91D82F83300A2634F /* UIView+BlockGesture.h */,
				7615AADA1D82F83300A2634F /* UIView+BlockGesture.m */,
				7615AAD61D82F7CB00A2634F /* UIImage+ImageWithColor.h */,
				7615AAD71D82F7CB00A2634F /* UIImage+ImageWithColor.m */,
				7615AAD31D82F75A00A2634F /* UIColor+Extension.h */,
				7615AAD41D82F75A00A2634F /* UIColor+Extension.m */,
				7615AACD1D82F5DF00A2634F /* UIViewExt.h */,
				7615AACE1D82F5DF00A2634F /* UIViewExt.m */,
				7615AAC71D82F59300A2634F /* NSString+Regex.h */,
				7615AAC81D82F59300A2634F /* NSString+Regex.m */,
				7615AAC91D82F59300A2634F /* NSString+String.h */,
				7615AACA1D82F59300A2634F /* NSString+String.m */,
				7615AAC41D82F57F00A2634F /* UIButton+Block.h */,
				7615AAC51D82F57F00A2634F /* UIButton+Block.m */,
			);
			path = Category;
			sourceTree = "<group>";
		};
		7615AAA51D82E8C500A2634F /* Lib(第三方) */ = {
			isa = PBXGroup;
			children = (
				761C69B01D92DB92009DD827 /* YZDisplayViewController */,
			);
			path = "Lib(第三方)";
			sourceTree = "<group>";
		};
		7615AAA61D82E8C500A2634F /* Tools */ = {
			isa = PBXGroup;
			children = (
				7615AAA71D82E8C500A2634F /* ShouGongKe-Prefix.pch */,
			);
			path = Tools;
			sourceTree = "<group>";
		};
		7615AAA91D82E91B00A2634F /* Resource */ = {
			isa = PBXGroup;
			children = (
				7615AAAC1D82E95100A2634F /* Assets.xcassets */,
				7615AAAD1D82E95100A2634F /* Base.lproj */,
			);
			path = Resource;
			sourceTree = "<group>";
		};
		7615AAAD1D82E95100A2634F /* Base.lproj */ = {
			isa = PBXGroup;
			children = (
				7615AAAE1D82E95100A2634F /* LaunchScreen.storyboard */,
			);
			path = Base.lproj;
			sourceTree = "<group>";
		};
		7615AAB71D82E9AE00A2634F /* Constants */ = {
			isa = PBXGroup;
			children = (
				7615AABA1D82EADD00A2634F /* Common_define.h */,
				7615AABB1D82EB3700A2634F /* Common_color.h */,
				7615AABC1D82EB4A00A2634F /* Common_font.h */,
				7615AABD1D82EB7700A2634F /* Common_network.h */,
				7615AABE1D82EBE500A2634F /* Common_nofication.h */,
				7615AABF1D82EBF500A2634F /* Common_time.h */,
			);
			path = Constants;
			sourceTree = "<group>";
		};
		7615AAE51D82FA2100A2634F /* Networking */ = {
			isa = PBXGroup;
			children = (
				2D5EA3FC1D84070B00C35029 /* AFAppDotNetAPIClient.h */,
				2D5EA3FD1D84070B00C35029 /* AFAppDotNetAPIClient.m */,
				7615AAE61D82FAF400A2634F /* BaseManager.h */,
				7615AAE71D82FAF400A2634F /* BaseManager.m */,
				2DB0798B1D9BA70100403E18 /* SGKManager.h */,
				2DB0798C1D9BA70100403E18 /* SGKManager.m */,
			);
			name = Networking;
			path = "Main(主要)/Networking";
			sourceTree = "<group>";
		};
		761C69B01D92DB92009DD827 /* YZDisplayViewController */ = {
			isa = PBXGroup;
			children = (
				761C69B11D92DB92009DD827 /* UIView+Frame.h */,
				761C69B21D92DB92009DD827 /* UIView+Frame.m */,
				761C69B31D92DB92009DD827 /* YZDisplayTitleLabel.h */,
				761C69B41D92DB92009DD827 /* YZDisplayTitleLabel.m */,
				761C69B51D92DB92009DD827 /* YZDisplayViewController.h */,
				761C69B61D92DB92009DD827 /* YZDisplayViewController.m */,
				761C69B71D92DB92009DD827 /* YZDisplayViewHeader.h */,
				761C69B81D92DB92009DD827 /* YZFlowLayout.h */,
				761C69B91D92DB92009DD827 /* YZFlowLayout.m */,
			);
			path = YZDisplayViewController;
			sourceTree = "<group>";
		};
		76AF2FA01D6F374600A93AE1 = {
			isa = PBXGroup;
			children = (
				76AF2FAB1D6F374700A93AE1 /* ShouGongKe */,
				76AF2FC51D6F374800A93AE1 /* ShouGongKeTests */,
				76AF2FD01D6F374800A93AE1 /* ShouGongKeUITests */,
				76AF2FAA1D6F374600A93AE1 /* Products */,
				55FCDC4B63B1EFF3A7B021BA /* Pods */,
				644AA1DF8BA6D648FF585CC8 /* Frameworks */,
			);
			sourceTree = "<group>";
		};
		76AF2FAA1D6F374600A93AE1 /* Products */ = {
			isa = PBXGroup;
			children = (
				76AF2FA91D6F374600A93AE1 /* ShouGongKe.app */,
				76AF2FC21D6F374800A93AE1 /* ShouGongKeTests.xctest */,
				76AF2FCD1D6F374800A93AE1 /* ShouGongKeUITests.xctest */,
			);
			name = Products;
			sourceTree = "<group>";
		};
		76AF2FAB1D6F374700A93AE1 /* ShouGongKe */ = {
			isa = PBXGroup;
			children = (
				2DE88B2F1D8FE0E60027674D /* AppDelegate */,
				7615AAE51D82FA2100A2634F /* Networking */,
				7615AAB71D82E9AE00A2634F /* Constants */,
				7615AAA91D82E91B00A2634F /* Resource */,
				7615AA9F1D82E8C500A2634F /* Main(主要) */,
				76AF2FDF1D6F3A6D00A93AE1 /* Class */,
				76AF2FAC1D6F374700A93AE1 /* Supporting Files */,
			);
			path = ShouGongKe;
			sourceTree = "<group>";
		};
		76AF2FAC1D6F374700A93AE1 /* Supporting Files */ = {
			isa = PBXGroup;
			children = (
				7615AAC01D82F06F00A2634F /* Info.plist */,
				7615AAC11D82F06F00A2634F /* main.m */,
			);
			name = "Supporting Files";
			sourceTree = "<group>";
		};
		76AF2FC51D6F374800A93AE1 /* ShouGongKeTests */ = {
			isa = PBXGroup;
			children = (
				76AF2FC61D6F374800A93AE1 /* ShouGongKeTests.m */,
				76AF2FC81D6F374800A93AE1 /* Info.plist */,
			);
			path = ShouGongKeTests;
			sourceTree = "<group>";
		};
		76AF2FD01D6F374800A93AE1 /* ShouGongKeUITests */ = {
			isa = PBXGroup;
			children = (
				76AF2FD11D6F374800A93AE1 /* ShouGongKeUITests.m */,
				76AF2FD31D6F374800A93AE1 /* Info.plist */,
			);
			path = ShouGongKeUITests;
			sourceTree = "<group>";
		};
		76AF2FDF1D6F3A6D00A93AE1 /* Class */ = {
			isa = PBXGroup;
			children = (
				76AF2FEC1D6F3A6D00A93AE1 /* Home(首页) */,
				76AF2FF41D6F3A6D00A93AE1 /* Tutoria(教程) */,
				76AF2FE81D6F3A6D00A93AE1 /* Hand(手工课) */,
				76AF2FE41D6F3A6D00A93AE1 /* Fair(市集) */,
				76AF2FF01D6F3A6D00A93AE1 /* My(我的) */,
				76AF2FE01D6F3A6D00A93AE1 /* Ad(广告) */,
			);
			path = Class;
			sourceTree = "<group>";
		};
		76AF2FE01D6F3A6D00A93AE1 /* Ad(广告) */ = {
			isa = PBXGroup;
			children = (
				76AF2FE11D6F3A6D00A93AE1 /* Controller */,
				76AF2FE21D6F3A6D00A93AE1 /* Model */,
				76AF2FE31D6F3A6D00A93AE1 /* View */,
			);
			path = "Ad(广告)";
			sourceTree = "<group>";
		};
		76AF2FE11D6F3A6D00A93AE1 /* Controller */ = {
			isa = PBXGroup;
			children = (
				2DE88B3F1D8FE6AD0027674D /* JMAdViewController.h */,
				2DE88B401D8FE6AD0027674D /* JMAdViewController.m */,
			);
			path = Controller;
			sourceTree = "<group>";
		};
		76AF2FE21D6F3A6D00A93AE1 /* Model */ = {
			isa = PBXGroup;
			children = (
			);
			path = Model;
			sourceTree = "<group>";
		};
		76AF2FE31D6F3A6D00A93AE1 /* View */ = {
			isa = PBXGroup;
			children = (
			);
			path = View;
			sourceTree = "<group>";
		};
		76AF2FE41D6F3A6D00A93AE1 /* Fair(市集) */ = {
			isa = PBXGroup;
			children = (
				76AF2FE51D6F3A6D00A93AE1 /* Controller */,
				76AF2FE61D6F3A6D00A93AE1 /* Model */,
				76AF2FE71D6F3A6D00A93AE1 /* View */,
			);
			path = "Fair(市集)";
			sourceTree = "<group>";
		};
		76AF2FE51D6F3A6D00A93AE1 /* Controller */ = {
			isa = PBXGroup;
			children = (
				76151ADD1D9033F60097C6DE /* JMFairViewController.h */,
				76151ADE1D9033F60097C6DE /* JMFairViewController.m */,
			);
			path = Controller;
			sourceTree = "<group>";
		};
		76AF2FE61D6F3A6D00A93AE1 /* Model */ = {
			isa = PBXGroup;
			children = (
			);
			path = Model;
			sourceTree = "<group>";
		};
		76AF2FE71D6F3A6D00A93AE1 /* View */ = {
			isa = PBXGroup;
			children = (
			);
			path = View;
			sourceTree = "<group>";
		};
		76AF2FE81D6F3A6D00A93AE1 /* Hand(手工课) */ = {
			isa = PBXGroup;
			children = (
				76AF2FE91D6F3A6D00A93AE1 /* Controller */,
				76AF2FEA1D6F3A6D00A93AE1 /* Model */,
				76AF2FEB1D6F3A6D00A93AE1 /* View */,
			);
			path = "Hand(手工课)";
			sourceTree = "<group>";
		};
		76AF2FE91D6F3A6D00A93AE1 /* Controller */ = {
			isa = PBXGroup;
			children = (
				76151AD71D9033C00097C6DE /* JMHandViewController.h */,
				76151AD81D9033C00097C6DE /* JMHandViewController.m */,
			);
			path = Controller;
			sourceTree = "<group>";
		};
		76AF2FEA1D6F3A6D00A93AE1 /* Model */ = {
			isa = PBXGroup;
			children = (
			);
			path = Model;
			sourceTree = "<group>";
		};
		76AF2FEB1D6F3A6D00A93AE1 /* View */ = {
			isa = PBXGroup;
			children = (
			);
			path = View;
			sourceTree = "<group>";
		};
		76AF2FEC1D6F3A6D00A93AE1 /* Home(首页) */ = {
			isa = PBXGroup;
			children = (
				2D275B981D9A67C1009CB401 /* Choiceness（精选） */,
				2D275B941D9A67C1009CB401 /* Attention（关注） */,
				2D275B9C1D9A67C1009CB401 /* Expert（达人） */,
				2D275B901D9A67C1009CB401 /* Activity（活动） */,
				76AF2FED1D6F3A6D00A93AE1 /* Controller */,
				76AF2FEE1D6F3A6D00A93AE1 /* Model */,
				76AF2FEF1D6F3A6D00A93AE1 /* View */,
			);
			path = "Home(首页)";
			sourceTree = "<group>";
		};
		76AF2FED1D6F3A6D00A93AE1 /* Controller */ = {
			isa = PBXGroup;
			children = (
				76151AD11D9033950097C6DE /* JMHomeViewController.h */,
				76151AD21D9033950097C6DE /* JMHomeViewController.m */,
			);
			path = Controller;
			sourceTree = "<group>";
		};
		76AF2FEE1D6F3A6D00A93AE1 /* Model */ = {
			isa = PBXGroup;
			children = (
			);
			path = Model;
			sourceTree = "<group>";
		};
		76AF2FEF1D6F3A6D00A93AE1 /* View */ = {
			isa = PBXGroup;
			children = (
			);
			path = View;
			sourceTree = "<group>";
		};
		76AF2FF01D6F3A6D00A93AE1 /* My(我的) */ = {
			isa = PBXGroup;
			children = (
				76AF2FF11D6F3A6D00A93AE1 /* Controller */,
				76AF2FF21D6F3A6D00A93AE1 /* Model */,
				76AF2FF31D6F3A6D00A93AE1 /* View */,
			);
			path = "My(我的)";
			sourceTree = "<group>";
		};
		76AF2FF11D6F3A6D00A93AE1 /* Controller */ = {
			isa = PBXGroup;
			children = (
				76151AE01D9034080097C6DE /* JMMyViewController.h */,
				76151AE11D9034080097C6DE /* JMMyViewController.m */,
			);
			path = Controller;
			sourceTree = "<group>";
		};
		76AF2FF21D6F3A6D00A93AE1 /* Model */ = {
			isa = PBXGroup;
			children = (
			);
			path = Model;
			sourceTree = "<group>";
		};
		76AF2FF31D6F3A6D00A93AE1 /* View */ = {
			isa = PBXGroup;
			children = (
			);
			path = View;
			sourceTree = "<group>";
		};
		76AF2FF41D6F3A6D00A93AE1 /* Tutoria(教程) */ = {
			isa = PBXGroup;
			children = (
				76AF2FF51D6F3A6D00A93AE1 /* Controller */,
				76AF2FF61D6F3A6D00A93AE1 /* Model */,
				76AF2FF71D6F3A6D00A93AE1 /* View */,
			);
			path = "Tutoria(教程)";
			sourceTree = "<group>";
		};
		76AF2FF51D6F3A6D00A93AE1 /* Controller */ = {
			isa = PBXGroup;
			children = (
				76151AD41D9033B10097C6DE /* JMTutoriaViewController.h */,
				76151AD51D9033B10097C6DE /* JMTutoriaViewController.m */,
			);
			path = Controller;
			sourceTree = "<group>";
		};
		76AF2FF61D6F3A6D00A93AE1 /* Model */ = {
			isa = PBXGroup;
			children = (
			);
			path = Model;
			sourceTree = "<group>";
		};
		76AF2FF71D6F3A6D00A93AE1 /* View */ = {
			isa = PBXGroup;
			children = (
			);
			path = View;
			sourceTree = "<group>";
		};
/* End PBXGroup section */

/* Begin PBXNativeTarget section */
		76AF2FA81D6F374600A93AE1 /* ShouGongKe */ = {
			isa = PBXNativeTarget;
			buildConfigurationList = 76AF2FD61D6F374800A93AE1 /* Build configuration list for PBXNativeTarget "ShouGongKe" */;
			buildPhases = (
				B4311A95827AB4505C8EB755 /* [CP] Check Pods Manifest.lock */,
				76AF2FA51D6F374600A93AE1 /* Sources */,
				76AF2FA61D6F374600A93AE1 /* Frameworks */,
				76AF2FA71D6F374600A93AE1 /* Resources */,
				761F0EB17014D59205E24CA3 /* [CP] Embed Pods Frameworks */,
				5A410F7CCEFDF0ABBAFDA92C /* [CP] Copy Pods Resources */,
			);
			buildRules = (
			);
			dependencies = (
			);
			name = ShouGongKe;
			productName = ShouGongKe;
			productReference = 76AF2FA91D6F374600A93AE1 /* ShouGongKe.app */;
			productType = "com.apple.product-type.application";
		};
		76AF2FC11D6F374800A93AE1 /* ShouGongKeTests */ = {
			isa = PBXNativeTarget;
			buildConfigurationList = 76AF2FD91D6F374800A93AE1 /* Build configuration list for PBXNativeTarget "ShouGongKeTests" */;
			buildPhases = (
				76AF2FBE1D6F374800A93AE1 /* Sources */,
				76AF2FBF1D6F374800A93AE1 /* Frameworks */,
				76AF2FC01D6F374800A93AE1 /* Resources */,
			);
			buildRules = (
			);
			dependencies = (
				76AF2FC41D6F374800A93AE1 /* PBXTargetDependency */,
			);
			name = ShouGongKeTests;
			productName = ShouGongKeTests;
			productReference = 76AF2FC21D6F374800A93AE1 /* ShouGongKeTests.xctest */;
			productType = "com.apple.product-type.bundle.unit-test";
		};
		76AF2FCC1D6F374800A93AE1 /* ShouGongKeUITests */ = {
			isa = PBXNativeTarget;
			buildConfigurationList = 76AF2FDC1D6F374800A93AE1 /* Build configuration list for PBXNativeTarget "ShouGongKeUITests" */;
			buildPhases = (
				76AF2FC91D6F374800A93AE1 /* Sources */,
				76AF2FCA1D6F374800A93AE1 /* Frameworks */,
				76AF2FCB1D6F374800A93AE1 /* Resources */,
			);
			buildRules = (
			);
			dependencies = (
				76AF2FCF1D6F374800A93AE1 /* PBXTargetDependency */,
			);
			name = ShouGongKeUITests;
			productName = ShouGongKeUITests;
			productReference = 76AF2FCD1D6F374800A93AE1 /* ShouGongKeUITests.xctest */;
			productType = "com.apple.product-type.bundle.ui-testing";
		};
/* End PBXNativeTarget section */

/* Begin PBXProject section */
		76AF2FA11D6F374600A93AE1 /* Project object */ = {
			isa = PBXProject;
			attributes = {
				LastUpgradeCheck = 0730;
				ORGANIZATIONNAME = Galaxy;
				TargetAttributes = {
					76AF2FA81D6F374600A93AE1 = {
						CreatedOnToolsVersion = 7.3.1;
					};
					76AF2FC11D6F374800A93AE1 = {
						CreatedOnToolsVersion = 7.3.1;
						TestTargetID = 76AF2FA81D6F374600A93AE1;
					};
					76AF2FCC1D6F374800A93AE1 = {
						CreatedOnToolsVersion = 7.3.1;
						TestTargetID = 76AF2FA81D6F374600A93AE1;
					};
				};
			};
			buildConfigurationList = 76AF2FA41D6F374600A93AE1 /* Build configuration list for PBXProject "ShouGongKe" */;
			compatibilityVersion = "Xcode 3.2";
			developmentRegion = English;
			hasScannedForEncodings = 0;
			knownRegions = (
				en,
				Base,
			);
			mainGroup = 76AF2FA01D6F374600A93AE1;
			productRefGroup = 76AF2FAA1D6F374600A93AE1 /* Products */;
			projectDirPath = "";
			projectRoot = "";
			targets = (
				76AF2FA81D6F374600A93AE1 /* ShouGongKe */,
				76AF2FC11D6F374800A93AE1 /* ShouGongKeTests */,
				76AF2FCC1D6F374800A93AE1 /* ShouGongKeUITests */,
			);
		};
/* End PBXProject section */

/* Begin PBXResourcesBuildPhase section */
		76AF2FA71D6F374600A93AE1 /* Resources */ = {
			isa = PBXResourcesBuildPhase;
			buildActionMask = 2147483647;
			files = (
				7615AAC21D82F06F00A2634F /* Info.plist in Resources */,
				7615AAB31D82E95100A2634F /* Assets.xcassets in Resources */,
				7615AAB41D82E95100A2634F /* LaunchScreen.storyboard in Resources */,
			);
			runOnlyForDeploymentPostprocessing = 0;
		};
		76AF2FC01D6F374800A93AE1 /* Resources */ = {
			isa = PBXResourcesBuildPhase;
			buildActionMask = 2147483647;
			files = (
			);
			runOnlyForDeploymentPostprocessing = 0;
		};
		76AF2FCB1D6F374800A93AE1 /* Resources */ = {
			isa = PBXResourcesBuildPhase;
			buildActionMask = 2147483647;
			files = (
			);
			runOnlyForDeploymentPostprocessing = 0;
		};
/* End PBXResourcesBuildPhase section */

/* Begin PBXShellScriptBuildPhase section */
		5A410F7CCEFDF0ABBAFDA92C /* [CP] Copy Pods Resources */ = {
			isa = PBXShellScriptBuildPhase;
			buildActionMask = 2147483647;
			files = (
			);
			inputPaths = (
			);
			name = "[CP] Copy Pods Resources";
			outputPaths = (
			);
			runOnlyForDeploymentPostprocessing = 0;
			shellPath = /bin/sh;
			shellScript = "\"${SRCROOT}/Pods/Target Support Files/Pods-ShouGongKe/Pods-ShouGongKe-resources.sh\"\n";
			showEnvVarsInLog = 0;
		};
		761F0EB17014D59205E24CA3 /* [CP] Embed Pods Frameworks */ = {
			isa = PBXShellScriptBuildPhase;
			buildActionMask = 2147483647;
			files = (
			);
			inputPaths = (
			);
			name = "[CP] Embed Pods Frameworks";
			outputPaths = (
			);
			runOnlyForDeploymentPostprocessing = 0;
			shellPath = /bin/sh;
			shellScript = "\"${SRCROOT}/Pods/Target Support Files/Pods-ShouGongKe/Pods-ShouGongKe-frameworks.sh\"\n";
			showEnvVarsInLog = 0;
		};
		B4311A95827AB4505C8EB755 /* [CP] Check Pods Manifest.lock */ = {
			isa = PBXShellScriptBuildPhase;
			buildActionMask = 2147483647;
			files = (
			);
			inputPaths = (
			);
			name = "[CP] Check Pods Manifest.lock";
			outputPaths = (
			);
			runOnlyForDeploymentPostprocessing = 0;
			shellPath = /bin/sh;
			shellScript = "diff \"${PODS_ROOT}/../Podfile.lock\" \"${PODS_ROOT}/Manifest.lock\" > /dev/null\nif [[ $? != 0 ]] ; then\n    cat << EOM\nerror: The sandbox is not in sync with the Podfile.lock. Run 'pod install' or update your CocoaPods installation.\nEOM\n    exit 1\nfi\n";
			showEnvVarsInLog = 0;
		};
/* End PBXShellScriptBuildPhase section */

/* Begin PBXSourcesBuildPhase section */
		76AF2FA51D6F374600A93AE1 /* Sources */ = {
			isa = PBXSourcesBuildPhase;
			buildActionMask = 2147483647;
			files = (
				2D275BB41D9A683E009CB401 /* JMExpertController.m in Sources */,
				2DB079931D9BB70700403E18 /* StatusModel.m in Sources */,
				7682F9811D9C00EB005A9EA4 /* JMChoicenessModel.m in Sources */,
				2D5EA3FE1D84070B00C35029 /* AFAppDotNetAPIClient.m in Sources */,
				7615AACF1D82F5DF00A2634F /* UIViewExt.m in Sources */,
				7615AAE41D82F8BB00A2634F /* WKWebView+SynchronousEvaluateJavaScript.m in Sources */,
				7615AACB1D82F59300A2634F /* NSString+Regex.m in Sources */,
				2D275BAB1D9A6827009CB401 /* JMActivityController.m in Sources */,
				2DE88B321D8FE0E60027674D /* AppDelegate.m in Sources */,
				76151AE21D9034080097C6DE /* JMMyViewController.m in Sources */,
				7615AAA81D82E8C500A2634F /* BaseViewController.m in Sources */,
				76151AD61D9033B10097C6DE /* JMTutoriaViewController.m in Sources */,
				7678F2831D9ABC64004F8B21 /* JMChoicenessSelectCell.m in Sources */,
				7678F2861D9ABCF2004F8B21 /* JMChoicenessRecommendCell.m in Sources */,
				76151AD31D9033950097C6DE /* JMHomeViewController.m in Sources */,
				2D275BB11D9A6838009CB401 /* JMChoicenessController.m in Sources */,
				2DE88B411D8FE6AD0027674D /* JMAdViewController.m in Sources */,
				7615AAD51D82F75A00A2634F /* UIColor+Extension.m in Sources */,
				7682F9871D9C01D6005A9EA4 /* JMNavigationModel.m in Sources */,
				2D275BB71D9A68B6009CB401 /* JMChoicenessCLView.m in Sources */,
				2D275BAE1D9A682F009CB401 /* JMAttentionVController.m in Sources */,
				76151AD91D9033C00097C6DE /* JMHandViewController.m in Sources */,
				7682F98A1D9C01F1005A9EA4 /* JMAdvanceModel.m in Sources */,
				7615AADB1D82F83300A2634F /* UIView+BlockGesture.m in Sources */,
				7615AAD81D82F7CB00A2634F /* UIImage+ImageWithColor.m in Sources */,
				7615AACC1D82F59300A2634F /* NSString+String.m in Sources */,
				2D275BBA1D9A6C32009CB401 /* JMChoicenessScrollViewCell.m in Sources */,
				2DE88B3E1D8FE24E0027674D /* AppDelegate+AppService.m in Sources */,
				2DE88B3B1D8FE2380027674D /* AppDelegate+AppLifeCircle.m in Sources */,
				2DE88B381D8FE2150027674D /* AppDelegate+RootController.m in Sources */,
				7682F98D1D9C025C005A9EA4 /* JMHotTopicModel.m in Sources */,
				2D5EA4011D84072000C35029 /* NSDictionary+RequestEncoding.m in Sources */,
				7615AAE81D82FAF400A2634F /* BaseManager.m in Sources */,
				761C69BD1D92DB92009DD827 /* YZFlowLayout.m in Sources */,
				7615AAC31D82F06F00A2634F /* main.m in Sources */,
				2DB079901D9BB6FD00403E18 /* BaseModel.m in Sources */,
				761C69BA1D92DB92009DD827 /* UIView+Frame.m in Sources */,
				2DB0798D1D9BA70100403E18 /* SGKManager.m in Sources */,
				7615AAE11D82F89200A2634F /* UIViewController+Dealloc.m in Sources */,
				761C69BC1D92DB92009DD827 /* YZDisplayViewController.m in Sources */,
				7682F9841D9C01B2005A9EA4 /* JMSlideModel.m in Sources */,
				7615AADE1D82F86300A2634F /* UIView+ViewController.m in Sources */,
				76151ADF1D9033F60097C6DE /* JMFairViewController.m in Sources */,
				76151AD01D90319B0097C6DE /* JMTabBarController.m in Sources */,
				7615AAC61D82F57F00A2634F /* UIButton+Block.m in Sources */,
				2DB079961D9BB73400403E18 /* StatusRecordListModel.m in Sources */,
				7678F2891D9ABD08004F8B21 /* JMChoicenessHotCell.m in Sources */,
				761C69BB1D92DB92009DD827 /* YZDisplayTitleLabel.m in Sources */,
			);
			runOnlyForDeploymentPostprocessing = 0;
		};
		76AF2FBE1D6F374800A93AE1 /* Sources */ = {
			isa = PBXSourcesBuildPhase;
			buildActionMask = 2147483647;
			files = (
				76AF2FC71D6F374800A93AE1 /* ShouGongKeTests.m in Sources */,
			);
			runOnlyForDeploymentPostprocessing = 0;
		};
		76AF2FC91D6F374800A93AE1 /* Sources */ = {
			isa = PBXSourcesBuildPhase;
			buildActionMask = 2147483647;
			files = (
				76AF2FD21D6F374800A93AE1 /* ShouGongKeUITests.m in Sources */,
			);
			runOnlyForDeploymentPostprocessing = 0;
		};
/* End PBXSourcesBuildPhase section */

/* Begin PBXTargetDependency section */
		76AF2FC41D6F374800A93AE1 /* PBXTargetDependency */ = {
			isa = PBXTargetDependency;
			target = 76AF2FA81D6F374600A93AE1 /* ShouGongKe */;
			targetProxy = 76AF2FC31D6F374800A93AE1 /* PBXContainerItemProxy */;
		};
		76AF2FCF1D6F374800A93AE1 /* PBXTargetDependency */ = {
			isa = PBXTargetDependency;
			target = 76AF2FA81D6F374600A93AE1 /* ShouGongKe */;
			targetProxy = 76AF2FCE1D6F374800A93AE1 /* PBXContainerItemProxy */;
		};
/* End PBXTargetDependency section */

/* Begin PBXVariantGroup section */
		7615AAAE1D82E95100A2634F /* LaunchScreen.storyboard */ = {
			isa = PBXVariantGroup;
			children = (
				7615AAAF1D82E95100A2634F /* Base */,
			);
			name = LaunchScreen.storyboard;
			sourceTree = "<group>";
		};
/* End PBXVariantGroup section */

/* Begin XCBuildConfiguration section */
		76AF2FD41D6F374800A93AE1 /* Debug */ = {
			isa = XCBuildConfiguration;
			buildSettings = {
				ALWAYS_SEARCH_USER_PATHS = NO;
				CLANG_ANALYZER_NONNULL = YES;
				CLANG_CXX_LANGUAGE_STANDARD = "gnu++0x";
				CLANG_CXX_LIBRARY = "libc++";
				CLANG_ENABLE_MODULES = YES;
				CLANG_ENABLE_OBJC_ARC = YES;
				CLANG_WARN_BOOL_CONVERSION = YES;
				CLANG_WARN_CONSTANT_CONVERSION = YES;
				CLANG_WARN_DIRECT_OBJC_ISA_USAGE = YES_ERROR;
				CLANG_WARN_EMPTY_BODY = YES;
				CLANG_WARN_ENUM_CONVERSION = YES;
				CLANG_WARN_INT_CONVERSION = YES;
				CLANG_WARN_OBJC_ROOT_CLASS = YES_ERROR;
				CLANG_WARN_UNREACHABLE_CODE = YES;
				CLANG_WARN__DUPLICATE_METHOD_MATCH = YES;
				"CODE_SIGN_IDENTITY[sdk=iphoneos*]" = "iPhone Developer";
				COPY_PHASE_STRIP = NO;
				DEBUG_INFORMATION_FORMAT = dwarf;
				ENABLE_STRICT_OBJC_MSGSEND = YES;
				ENABLE_TESTABILITY = YES;
				GCC_C_LANGUAGE_STANDARD = gnu99;
				GCC_DYNAMIC_NO_PIC = NO;
				GCC_NO_COMMON_BLOCKS = YES;
				GCC_OPTIMIZATION_LEVEL = 0;
				GCC_PREPROCESSOR_DEFINITIONS = (
					"DEBUG=1",
					"$(inherited)",
				);
				GCC_WARN_64_TO_32_BIT_CONVERSION = YES;
				GCC_WARN_ABOUT_RETURN_TYPE = YES_ERROR;
				GCC_WARN_UNDECLARED_SELECTOR = YES;
				GCC_WARN_UNINITIALIZED_AUTOS = YES_AGGRESSIVE;
				GCC_WARN_UNUSED_FUNCTION = YES;
				GCC_WARN_UNUSED_VARIABLE = YES;
				IPHONEOS_DEPLOYMENT_TARGET = 9.3;
				MTL_ENABLE_DEBUG_INFO = YES;
				ONLY_ACTIVE_ARCH = YES;
				SDKROOT = iphoneos;
			};
			name = Debug;
		};
		76AF2FD51D6F374800A93AE1 /* Release */ = {
			isa = XCBuildConfiguration;
			buildSettings = {
				ALWAYS_SEARCH_USER_PATHS = NO;
				CLANG_ANALYZER_NONNULL = YES;
				CLANG_CXX_LANGUAGE_STANDARD = "gnu++0x";
				CLANG_CXX_LIBRARY = "libc++";
				CLANG_ENABLE_MODULES = YES;
				CLANG_ENABLE_OBJC_ARC = YES;
				CLANG_WARN_BOOL_CONVERSION = YES;
				CLANG_WARN_CONSTANT_CONVERSION = YES;
				CLANG_WARN_DIRECT_OBJC_ISA_USAGE = YES_ERROR;
				CLANG_WARN_EMPTY_BODY = YES;
				CLANG_WARN_ENUM_CONVERSION = YES;
				CLANG_WARN_INT_CONVERSION = YES;
				CLANG_WARN_OBJC_ROOT_CLASS = YES_ERROR;
				CLANG_WARN_UNREACHABLE_CODE = YES;
				CLANG_WARN__DUPLICATE_METHOD_MATCH = YES;
				"CODE_SIGN_IDENTITY[sdk=iphoneos*]" = "iPhone Developer";
				COPY_PHASE_STRIP = NO;
				DEBUG_INFORMATION_FORMAT = "dwarf-with-dsym";
				ENABLE_NS_ASSERTIONS = NO;
				ENABLE_STRICT_OBJC_MSGSEND = YES;
				GCC_C_LANGUAGE_STANDARD = gnu99;
				GCC_NO_COMMON_BLOCKS = YES;
				GCC_WARN_64_TO_32_BIT_CONVERSION = YES;
				GCC_WARN_ABOUT_RETURN_TYPE = YES_ERROR;
				GCC_WARN_UNDECLARED_SELECTOR = YES;
				GCC_WARN_UNINITIALIZED_AUTOS = YES_AGGRESSIVE;
				GCC_WARN_UNUSED_FUNCTION = YES;
				GCC_WARN_UNUSED_VARIABLE = YES;
				IPHONEOS_DEPLOYMENT_TARGET = 9.3;
				MTL_ENABLE_DEBUG_INFO = NO;
				SDKROOT = iphoneos;
				VALIDATE_PRODUCT = YES;
			};
			name = Release;
		};
		76AF2FD71D6F374800A93AE1 /* Debug */ = {
			isa = XCBuildConfiguration;
			baseConfigurationReference = DDA3FB1483BC707228395B2C /* Pods-ShouGongKe.debug.xcconfig */;
			buildSettings = {
				ASSETCATALOG_COMPILER_APPICON_NAME = AppIcon;
				ASSETCATALOG_COMPILER_LAUNCHIMAGE_NAME = LaunchImage;
				ENABLE_BITCODE = NO;
				GCC_C_LANGUAGE_STANDARD = gnu99;
				GCC_PREFIX_HEADER = "$(SRCROOT)/ShouGongKe/Main(主要)/Tools/ShouGongKe-Prefix.pch";
				INFOPLIST_FILE = ShouGongKe/Info.plist;
				IPHONEOS_DEPLOYMENT_TARGET = 7.0;
				LD_RUNPATH_SEARCH_PATHS = "$(inherited) @executable_path/Frameworks";
				PRODUCT_BUNDLE_IDENTIFIER = cn.jjm.ShouGongKe;
				PRODUCT_NAME = "$(TARGET_NAME)";
			};
			name = Debug;
		};
		76AF2FD81D6F374800A93AE1 /* Release */ = {
			isa = XCBuildConfiguration;
			baseConfigurationReference = 18D5EEE1278A7776793BF6DD /* Pods-ShouGongKe.release.xcconfig */;
			buildSettings = {
				ASSETCATALOG_COMPILER_APPICON_NAME = AppIcon;
				ASSETCATALOG_COMPILER_LAUNCHIMAGE_NAME = LaunchImage;
				ENABLE_BITCODE = NO;
				GCC_C_LANGUAGE_STANDARD = gnu99;
				GCC_PREFIX_HEADER = "$(SRCROOT)/ShouGongKe/Main(主要)/Tools/ShouGongKe-Prefix.pch";
				INFOPLIST_FILE = ShouGongKe/Info.plist;
				IPHONEOS_DEPLOYMENT_TARGET = 7.0;
				LD_RUNPATH_SEARCH_PATHS = "$(inherited) @executable_path/Frameworks";
				PRODUCT_BUNDLE_IDENTIFIER = cn.jjm.ShouGongKe;
				PRODUCT_NAME = "$(TARGET_NAME)";
			};
			name = Release;
		};
		76AF2FDA1D6F374800A93AE1 /* Debug */ = {
			isa = XCBuildConfiguration;
			buildSettings = {
				BUNDLE_LOADER = "$(TEST_HOST)";
				INFOPLIST_FILE = ShouGongKeTests/Info.plist;
				LD_RUNPATH_SEARCH_PATHS = "$(inherited) @executable_path/Frameworks @loader_path/Frameworks";
				PRODUCT_BUNDLE_IDENTIFIER = cn.jjm.ShouGongKeTests;
				PRODUCT_NAME = "$(TARGET_NAME)";
				TEST_HOST = "$(BUILT_PRODUCTS_DIR)/ShouGongKe.app/ShouGongKe";
			};
			name = Debug;
		};
		76AF2FDB1D6F374800A93AE1 /* Release */ = {
			isa = XCBuildConfiguration;
			buildSettings = {
				BUNDLE_LOADER = "$(TEST_HOST)";
				INFOPLIST_FILE = ShouGongKeTests/Info.plist;
				LD_RUNPATH_SEARCH_PATHS = "$(inherited) @executable_path/Frameworks @loader_path/Frameworks";
				PRODUCT_BUNDLE_IDENTIFIER = cn.jjm.ShouGongKeTests;
				PRODUCT_NAME = "$(TARGET_NAME)";
				TEST_HOST = "$(BUILT_PRODUCTS_DIR)/ShouGongKe.app/ShouGongKe";
			};
			name = Release;
		};
		76AF2FDD1D6F374800A93AE1 /* Debug */ = {
			isa = XCBuildConfiguration;
			buildSettings = {
				INFOPLIST_FILE = ShouGongKeUITests/Info.plist;
				LD_RUNPATH_SEARCH_PATHS = "$(inherited) @executable_path/Frameworks @loader_path/Frameworks";
				PRODUCT_BUNDLE_IDENTIFIER = cn.jjm.ShouGongKeUITests;
				PRODUCT_NAME = "$(TARGET_NAME)";
				TEST_TARGET_NAME = ShouGongKe;
			};
			name = Debug;
		};
		76AF2FDE1D6F374800A93AE1 /* Release */ = {
			isa = XCBuildConfiguration;
			buildSettings = {
				INFOPLIST_FILE = ShouGongKeUITests/Info.plist;
				LD_RUNPATH_SEARCH_PATHS = "$(inherited) @executable_path/Frameworks @loader_path/Frameworks";
				PRODUCT_BUNDLE_IDENTIFIER = cn.jjm.ShouGongKeUITests;
				PRODUCT_NAME = "$(TARGET_NAME)";
				TEST_TARGET_NAME = ShouGongKe;
			};
			name = Release;
		};
/* End XCBuildConfiguration section */

/* Begin XCConfigurationList section */
		76AF2FA41D6F374600A93AE1 /* Build configuration list for PBXProject "ShouGongKe" */ = {
			isa = XCConfigurationList;
			buildConfigurations = (
				76AF2FD41D6F374800A93AE1 /* Debug */,
				76AF2FD51D6F374800A93AE1 /* Release */,
			);
			defaultConfigurationIsVisible = 0;
			defaultConfigurationName = Release;
		};
		76AF2FD61D6F374800A93AE1 /* Build configuration list for PBXNativeTarget "ShouGongKe" */ = {
			isa = XCConfigurationList;
			buildConfigurations = (
				76AF2FD71D6F374800A93AE1 /* Debug */,
				76AF2FD81D6F374800A93AE1 /* Release */,
			);
			defaultConfigurationIsVisible = 0;
			defaultConfigurationName = Release;
		};
		76AF2FD91D6F374800A93AE1 /* Build configuration list for PBXNativeTarget "ShouGongKeTests" */ = {
			isa = XCConfigurationList;
			buildConfigurations = (
				76AF2FDA1D6F374800A93AE1 /* Debug */,
				76AF2FDB1D6F374800A93AE1 /* Release */,
			);
			defaultConfigurationIsVisible = 0;
			defaultConfigurationName = Release;
		};
		76AF2FDC1D6F374800A93AE1 /* Build configuration list for PBXNativeTarget "ShouGongKeUITests" */ = {
			isa = XCConfigurationList;
			buildConfigurations = (
				76AF2FDD1D6F374800A93AE1 /* Debug */,
				76AF2FDE1D6F374800A93AE1 /* Release */,
			);
			defaultConfigurationIsVisible = 0;
			defaultConfigurationName = Release;
		};
/* End XCConfigurationList section */
	};
	rootObject = 76AF2FA11D6F374600A93AE1 /* Project object */;
}
